
Microsoft Visual Studio Solution File, Format Version 12.00
# Visual Studio 15
VisualStudioVersion = 15.0.28010.2026
MinimumVisualStudioVersion = 10.0.40219.1
Project("{FAE04EC0-301F-11D3-BF4B-00C04F79EFBC}") = "AppName.Web", "AppName.Web\AppName.Web.csproj", "{DFC37D31-8DEB-4FD6-992F-1E46814A4CB4}"
EndProject
Global
	GlobalSection(SolutionConfigurationPlatforms) = preSolution
		Debug|Any CPU = Debug|Any CPU
		Release|Any CPU = Release|Any CPU
	EndGlobalSection
	GlobalSection(ProjectConfigurationPlatforms) = postSolution
		{DFC37D31-8DEB-4FD6-992F-1E46814A4CB4}.Debug|Any CPU.ActiveCfg = Debug|Any CPU
		{DFC37D31-8DEB-4FD6-992F-1E46814A4CB4}.Debug|Any CPU.Build.0 = Debug|Any CPU
		{DFC37D31-8DEB-4FD6-992F-1E46814A4CB4}.Release|Any CPU.ActiveCfg = Release|Any CPU
		{DFC37D31-8DEB-4FD6-992F-1E46814A4CB4}.Release|Any CPU.Build.0 = Release|Any CPU
	EndGlobalSection
	GlobalSection(SolutionProperties) = preSolution
		HideSolutionNode = FALSE
	EndGlobalSection
	GlobalSection(ExtensibilityGlobals) = postSolution
		SolutionGuid = {7B79276B-EDAD-4A54-9A3A-E394FFA33A33}
	EndGlobalSection
EndGlobal
